// !$*UTF8*$!
{
	archiveVersion = 1;
	classes = {
	};
	objectVersion = 50;
	objects = {

/* Begin PBXBuildFile section */
		D891644425A0C380008B0E04 /* Tests_iOS.swift in Sources */ = {isa = PBXBuildFile; fileRef = D891644325A0C380008B0E04 /* Tests_iOS.swift */; };
		D891644F25A0C380008B0E04 /* Tests_macOS.swift in Sources */ = {isa = PBXBuildFile; fileRef = D891644E25A0C380008B0E04 /* Tests_macOS.swift */; };
		D891645125A0C380008B0E04 /* readRestApp.swift in Sources */ = {isa = PBXBuildFile; fileRef = D891642825A0C37E008B0E04 /* readRestApp.swift */; };
		D891645225A0C380008B0E04 /* readRestApp.swift in Sources */ = {isa = PBXBuildFile; fileRef = D891642825A0C37E008B0E04 /* readRestApp.swift */; };
		D891645325A0C380008B0E04 /* ContentView.swift in Sources */ = {isa = PBXBuildFile; fileRef = D891642925A0C37E008B0E04 /* ContentView.swift */; };
		D891645425A0C380008B0E04 /* ContentView.swift in Sources */ = {isa = PBXBuildFile; fileRef = D891642925A0C37E008B0E04 /* ContentView.swift */; };
		D891645525A0C380008B0E04 /* Assets.xcassets in Resources */ = {isa = PBXBuildFile; fileRef = D891642A25A0C380008B0E04 /* Assets.xcassets */; };
		D891645625A0C380008B0E04 /* Assets.xcassets in Resources */ = {isa = PBXBuildFile; fileRef = D891642A25A0C380008B0E04 /* Assets.xcassets */; };
/* End PBXBuildFile section */

/* Begin PBXContainerItemProxy section */
		D891644025A0C380008B0E04 /* PBXContainerItemProxy */ = {
			isa = PBXContainerItemProxy;
			containerPortal = D891642325A0C37E008B0E04 /* Project object */;
			proxyType = 1;
			remoteGlobalIDString = D891642E25A0C380008B0E04;
			remoteInfo = "readRest (iOS)";
		};
		D891644B25A0C380008B0E04 /* PBXContainerItemProxy */ = {
			isa = PBXContainerItemProxy;
			containerPortal = D891642325A0C37E008B0E04 /* Project object */;
			proxyType = 1;
			remoteGlobalIDString = D891643625A0C380008B0E04;
			remoteInfo = "readRest (macOS)";
		};
/* End PBXContainerItemProxy section */

/* Begin PBXFileReference section */
		D891642825A0C37E008B0E04 /* readRestApp.swift */ = {isa = PBXFileReference; lastKnownFileType = sourcecode.swift; path = readRestApp.swift; sourceTree = "<group>"; };
		D891642925A0C37E008B0E04 /* ContentView.swift */ = {isa = PBXFileReference; lastKnownFileType = sourcecode.swift; path = ContentView.swift; sourceTree = "<group>"; };
		D891642A25A0C380008B0E04 /* Assets.xcassets */ = {isa = PBXFileReference; lastKnownFileType = folder.assetcatalog; path = Assets.xcassets; sourceTree = "<group>"; };
		D891642F25A0C380008B0E04 /* readRest.app */ = {isa = PBXFileReference; explicitFileType = wrapper.application; includeInIndex = 0; path = readRest.app; sourceTree = BUILT_PRODUCTS_DIR; };
		D891643225A0C380008B0E04 /* Info.plist */ = {isa = PBXFileReference; lastKnownFileType = text.plist.xml; path = Info.plist; sourceTree = "<group>"; };
		D891643725A0C380008B0E04 /* readRest.app */ = {isa = PBXFileReference; explicitFileType = wrapper.application; includeInIndex = 0; path = readRest.app; sourceTree = BUILT_PRODUCTS_DIR; };
		D891643925A0C380008B0E04 /* Info.plist */ = {isa = PBXFileReference; lastKnownFileType = text.plist.xml; path = Info.plist; sourceTree = "<group>"; };
		D891643A25A0C380008B0E04 /* macOS.entitlements */ = {isa = PBXFileReference; lastKnownFileType = text.plist.entitlements; path = macOS.entitlements; sourceTree = "<group>"; };
		D891643F25A0C380008B0E04 /* Tests iOS.xctest */ = {isa = PBXFileReference; explicitFileType = wrapper.cfbundle; includeInIndex = 0; path = "Tests iOS.xctest"; sourceTree = BUILT_PRODUCTS_DIR; };
		D891644325A0C380008B0E04 /* Tests_iOS.swift */ = {isa = PBXFileReference; lastKnownFileType = sourcecode.swift; path = Tests_iOS.swift; sourceTree = "<group>"; };
		D891644525A0C380008B0E04 /* Info.plist */ = {isa = PBXFileReference; lastKnownFileType = text.plist.xml; path = Info.plist; sourceTree = "<group>"; };
		D891644A25A0C380008B0E04 /* Tests macOS.xctest */ = {isa = PBXFileReference; explicitFileType = wrapper.cfbundle; includeInIndex = 0; path = "Tests macOS.xctest"; sourceTree = BUILT_PRODUCTS_DIR; };
		D891644E25A0C380008B0E04 /* Tests_macOS.swift */ = {isa = PBXFileReference; lastKnownFileType = sourcecode.swift; path = Tests_macOS.swift; sourceTree = "<group>"; };
		D891645025A0C380008B0E04 /* Info.plist */ = {isa = PBXFileReference; lastKnownFileType = text.plist.xml; path = Info.plist; sourceTree = "<group>"; };
/* End PBXFileReference section */

/* Begin PBXFrameworksBuildPhase section */
		D891642C25A0C380008B0E04 /* Frameworks */ = {
			isa = PBXFrameworksBuildPhase;
			buildActionMask = 2147483647;
			files = (
			);
			runOnlyForDeploymentPostprocessing = 0;
		};
		D891643425A0C380008B0E04 /* Frameworks */ = {
			isa = PBXFrameworksBuildPhase;
			buildActionMask = 2147483647;
			files = (
			);
			runOnlyForDeploymentPostprocessing = 0;
		};
		D891643C25A0C380008B0E04 /* Frameworks */ = {
			isa = PBXFrameworksBuildPhase;
			buildActionMask = 2147483647;
			files = (
			);
			runOnlyForDeploymentPostprocessing = 0;
		};
		D891644725A0C380008B0E04 /* Frameworks */ = {
			isa = PBXFrameworksBuildPhase;
			buildActionMask = 2147483647;
			files = (
			);
			runOnlyForDeploymentPostprocessing = 0;
		};
/* End PBXFrameworksBuildPhase section */

/* Begin PBXGroup section */
		D891642225A0C37E008B0E04 = {
			isa = PBXGroup;
			children = (
				D891642725A0C37E008B0E04 /* Shared */,
				D891643125A0C380008B0E04 /* iOS */,
				D891643825A0C380008B0E04 /* macOS */,
				D891644225A0C380008B0E04 /* Tests iOS */,
				D891644D25A0C380008B0E04 /* Tests macOS */,
				D891643025A0C380008B0E04 /* Products */,
			);
			sourceTree = "<group>";
		};
		D891642725A0C37E008B0E04 /* Shared */ = {
			isa = PBXGroup;
			children = (
				D891642825A0C37E008B0E04 /* readRestApp.swift */,
				D891642925A0C37E008B0E04 /* ContentView.swift */,
				D891642A25A0C380008B0E04 /* Assets.xcassets */,
			);
			path = Shared;
			sourceTree = "<group>";
		};
		D891643025A0C380008B0E04 /* Products */ = {
			isa = PBXGroup;
			children = (
				D891642F25A0C380008B0E04 /* readRest.app */,
				D891643725A0C380008B0E04 /* readRest.app */,
				D891643F25A0C380008B0E04 /* Tests iOS.xctest */,
				D891644A25A0C380008B0E04 /* Tests macOS.xctest */,
			);
			name = Products;
			sourceTree = "<group>";
		};
		D891643125A0C380008B0E04 /* iOS */ = {
			isa = PBXGroup;
			children = (
				D891643225A0C380008B0E04 /* Info.plist */,
			);
			path = iOS;
			sourceTree = "<group>";
		};
		D891643825A0C380008B0E04 /* macOS */ = {
			isa = PBXGroup;
			children = (
				D891643925A0C380008B0E04 /* Info.plist */,
				D891643A25A0C380008B0E04 /* macOS.entitlements */,
			);
			path = macOS;
			sourceTree = "<group>";
		};
		D891644225A0C380008B0E04 /* Tests iOS */ = {
			isa = PBXGroup;
			children = (
				D891644325A0C380008B0E04 /* Tests_iOS.swift */,
				D891644525A0C380008B0E04 /* Info.plist */,
			);
			path = "Tests iOS";
			sourceTree = "<group>";
		};
		D891644D25A0C380008B0E04 /* Tests macOS */ = {
			isa = PBXGroup;
			children = (
				D891644E25A0C380008B0E04 /* Tests_macOS.swift */,
				D891645025A0C380008B0E04 /* Info.plist */,
			);
			path = "Tests macOS";
			sourceTree = "<group>";
		};
/* End PBXGroup section */

/* Begin PBXNativeTarget section */
		D891642E25A0C380008B0E04 /* readRest (iOS) */ = {
			isa = PBXNativeTarget;
			buildConfigurationList = D891645925A0C380008B0E04 /* Build configuration list for PBXNativeTarget "readRest (iOS)" */;
			buildPhases = (
				D891642B25A0C380008B0E04 /* Sources */,
				D891642C25A0C380008B0E04 /* Frameworks */,
				D891642D25A0C380008B0E04 /* Resources */,
			);
			buildRules = (
			);
			dependencies = (
			);
			name = "readRest (iOS)";
			productName = "readRest (iOS)";
			productReference = D891642F25A0C380008B0E04 /* readRest.app */;
			productType = "com.apple.product-type.application";
		};
		D891643625A0C380008B0E04 /* readRest (macOS) */ = {
			isa = PBXNativeTarget;
			buildConfigurationList = D891645C25A0C380008B0E04 /* Build configuration list for PBXNativeTarget "readRest (macOS)" */;
			buildPhases = (
				D891643325A0C380008B0E04 /* Sources */,
				D891643425A0C380008B0E04 /* Frameworks */,
				D891643525A0C380008B0E04 /* Resources */,
			);
			buildRules = (
			);
			dependencies = (
			);
			name = "readRest (macOS)";
			productName = "readRest (macOS)";
			productReference = D891643725A0C380008B0E04 /* readRest.app */;
			productType = "com.apple.product-type.application";
		};
		D891643E25A0C380008B0E04 /* Tests iOS */ = {
			isa = PBXNativeTarget;
			buildConfigurationList = D891645F25A0C380008B0E04 /* Build configuration list for PBXNativeTarget "Tests iOS" */;
			buildPhases = (
				D891643B25A0C380008B0E04 /* Sources */,
				D891643C25A0C380008B0E04 /* Frameworks */,
				D891643D25A0C380008B0E04 /* Resources */,
			);
			buildRules = (
			);
			dependencies = (
				D891644125A0C380008B0E04 /* PBXTargetDependency */,
			);
			name = "Tests iOS";
			productName = "Tests iOS";
			productReference = D891643F25A0C380008B0E04 /* Tests iOS.xctest */;
			productType = "com.apple.product-type.bundle.ui-testing";
		};
		D891644925A0C380008B0E04 /* Tests macOS */ = {
			isa = PBXNativeTarget;
			buildConfigurationList = D891646225A0C380008B0E04 /* Build configuration list for PBXNativeTarget "Tests macOS" */;
			buildPhases = (
				D891644625A0C380008B0E04 /* Sources */,
				D891644725A0C380008B0E04 /* Frameworks */,
				D891644825A0C380008B0E04 /* Resources */,
			);
			buildRules = (
			);
			dependencies = (
				D891644C25A0C380008B0E04 /* PBXTargetDependency */,
			);
			name = "Tests macOS";
			productName = "Tests macOS";
			productReference = D891644A25A0C380008B0E04 /* Tests macOS.xctest */;
			productType = "com.apple.product-type.bundle.ui-testing";
		};
/* End PBXNativeTarget section */

/* Begin PBXProject section */
		D891642325A0C37E008B0E04 /* Project object */ = {
			isa = PBXProject;
			attributes = {
				LastSwiftUpdateCheck = 1230;
				LastUpgradeCheck = 1230;
				TargetAttributes = {
					D891642E25A0C380008B0E04 = {
						CreatedOnToolsVersion = 12.3;
					};
					D891643625A0C380008B0E04 = {
						CreatedOnToolsVersion = 12.3;
					};
					D891643E25A0C380008B0E04 = {
						CreatedOnToolsVersion = 12.3;
						TestTargetID = D891642E25A0C380008B0E04;
					};
					D891644925A0C380008B0E04 = {
						CreatedOnToolsVersion = 12.3;
						TestTargetID = D891643625A0C380008B0E04;
					};
				};
			};
			buildConfigurationList = D891642625A0C37E008B0E04 /* Build configuration list for PBXProject "readRest" */;
			compatibilityVersion = "Xcode 9.3";
			developmentRegion = en;
			hasScannedForEncodings = 0;
			knownRegions = (
				en,
				Base,
			);
			mainGroup = D891642225A0C37E008B0E04;
			productRefGroup = D891643025A0C380008B0E04 /* Products */;
			projectDirPath = "";
			projectRoot = "";
			targets = (
				D891642E25A0C380008B0E04 /* readRest (iOS) */,
				D891643625A0C380008B0E04 /* readRest (macOS) */,
				D891643E25A0C380008B0E04 /* Tests iOS */,
				D891644925A0C380008B0E04 /* Tests macOS */,
			);
		};
/* End PBXProject section */

/* Begin PBXResourcesBuildPhase section */
		D891642D25A0C380008B0E04 /* Resources */ = {
			isa = PBXResourcesBuildPhase;
			buildActionMask = 2147483647;
			files = (
				D891645525A0C380008B0E04 /* Assets.xcassets in Resources */,
			);
			runOnlyForDeploymentPostprocessing = 0;
		};
		D891643525A0C380008B0E04 /* Resources */ = {
			isa = PBXResourcesBuildPhase;
			buildActionMask = 2147483647;
			files = (
				D891645625A0C380008B0E04 /* Assets.xcassets in Resources */,
			);
			runOnlyForDeploymentPostprocessing = 0;
		};
		D891643D25A0C380008B0E04 /* Resources */ = {
			isa = PBXResourcesBuildPhase;
			buildActionMask = 2147483647;
			files = (
			);
			runOnlyForDeploymentPostprocessing = 0;
		};
		D891644825A0C380008B0E04 /* Resources */ = {
			isa = PBXResourcesBuildPhase;
			buildActionMask = 2147483647;
			files = (
			);
			runOnlyForDeploymentPostprocessing = 0;
		};
/* End PBXResourcesBuildPhase section */

/* Begin PBXSourcesBuildPhase section */
		D891642B25A0C380008B0E04 /* Sources */ = {
			isa = PBXSourcesBuildPhase;
			buildActionMask = 2147483647;
			files = (
				D891645325A0C380008B0E04 /* ContentView.swift in Sources */,
				D891645125A0C380008B0E04 /* readRestApp.swift in Sources */,
			);
			runOnlyForDeploymentPostprocessing = 0;
		};
		D891643325A0C380008B0E04 /* Sources */ = {
			isa = PBXSourcesBuildPhase;
			buildActionMask = 2147483647;
			files = (
				D891645425A0C380008B0E04 /* ContentView.swift in Sources */,
				D891645225A0C380008B0E04 /* readRestApp.swift in Sources */,
			);
			runOnlyForDeploymentPostprocessing = 0;
		};
		D891643B25A0C380008B0E04 /* Sources */ = {
			isa = PBXSourcesBuildPhase;
			buildActionMask = 2147483647;
			files = (
				D891644425A0C380008B0E04 /* Tests_iOS.swift in Sources */,
			);
			runOnlyForDeploymentPostprocessing = 0;
		};
		D891644625A0C380008B0E04 /* Sources */ = {
			isa = PBXSourcesBuildPhase;
			buildActionMask = 2147483647;
			files = (
				D891644F25A0C380008B0E04 /* Tests_macOS.swift in Sources */,
			);
			runOnlyForDeploymentPostprocessing = 0;
		};
/* End PBXSourcesBuildPhase section */

/* Begin PBXTargetDependency section */
		D891644125A0C380008B0E04 /* PBXTargetDependency */ = {
			isa = PBXTargetDependency;
			target = D891642E25A0C380008B0E04 /* readRest (iOS) */;
			targetProxy = D891644025A0C380008B0E04 /* PBXContainerItemProxy */;
		};
		D891644C25A0C380008B0E04 /* PBXTargetDependency */ = {
			isa = PBXTargetDependency;
			target = D891643625A0C380008B0E04 /* readRest (macOS) */;
			targetProxy = D891644B25A0C380008B0E04 /* PBXContainerItemProxy */;
		};
/* End PBXTargetDependency section */

/* Begin XCBuildConfiguration section */
		D891645725A0C380008B0E04 /* Debug */ = {
			isa = XCBuildConfiguration;
			buildSettings = {
				ALWAYS_SEARCH_USER_PATHS = NO;
				CLANG_ANALYZER_NONNULL = YES;
				CLANG_ANALYZER_NUMBER_OBJECT_CONVERSION = YES_AGGRESSIVE;
				CLANG_CXX_LANGUAGE_STANDARD = "gnu++14";
				CLANG_CXX_LIBRARY = "libc++";
				CLANG_ENABLE_MODULES = YES;
				CLANG_ENABLE_OBJC_ARC = YES;
				CLANG_ENABLE_OBJC_WEAK = YES;
				CLANG_WARN_BLOCK_CAPTURE_AUTORELEASING = YES;
				CLANG_WARN_BOOL_CONVERSION = YES;
				CLANG_WARN_COMMA = YES;
				CLANG_WARN_CONSTANT_CONVERSION = YES;
				CLANG_WARN_DEPRECATED_OBJC_IMPLEMENTATIONS = YES;
				CLANG_WARN_DIRECT_OBJC_ISA_USAGE = YES_ERROR;
				CLANG_WARN_DOCUMENTATION_COMMENTS = YES;
				CLANG_WARN_EMPTY_BODY = YES;
				CLANG_WARN_ENUM_CONVERSION = YES;
				CLANG_WARN_INFINITE_RECURSION = YES;
				CLANG_WARN_INT_CONVERSION = YES;
				CLANG_WARN_NON_LITERAL_NULL_CONVERSION = YES;
				CLANG_WARN_OBJC_IMPLICIT_RETAIN_SELF = YES;
				CLANG_WARN_OBJC_LITERAL_CONVERSION = YES;
				CLANG_WARN_OBJC_ROOT_CLASS = YES_ERROR;
				CLANG_WARN_QUOTED_INCLUDE_IN_FRAMEWORK_HEADER = YES;
				CLANG_WARN_RANGE_LOOP_ANALYSIS = YES;
				CLANG_WARN_STRICT_PROTOTYPES = YES;
				CLANG_WARN_SUSPICIOUS_MOVE = YES;
				CLANG_WARN_UNGUARDED_AVAILABILITY = YES_AGGRESSIVE;
				CLANG_WARN_UNREACHABLE_CODE = YES;
				CLANG_WARN__DUPLICATE_METHOD_MATCH = YES;
				COPY_PHASE_STRIP = NO;
				DEBUG_INFORMATION_FORMAT = dwarf;
				ENABLE_STRICT_OBJC_MSGSEND = YES;
				ENABLE_TESTABILITY = YES;
				GCC_C_LANGUAGE_STANDARD = gnu11;
				GCC_DYNAMIC_NO_PIC = NO;
				GCC_NO_COMMON_BLOCKS = YES;
				GCC_OPTIMIZATION_LEVEL = 0;
				GCC_PREPROCESSOR_DEFINITIONS = (
					"DEBUG=1",
					"$(inherited)",
				);
				GCC_WARN_64_TO_32_BIT_CONVERSION = YES;
				GCC_WARN_ABOUT_RETURN_TYPE = YES_ERROR;
				GCC_WARN_UNDECLARED_SELECTOR = YES;
				GCC_WARN_UNINITIALIZED_AUTOS = YES_AGGRESSIVE;
				GCC_WARN_UNUSED_FUNCTION = YES;
				GCC_WARN_UNUSED_VARIABLE = YES;
				MTL_ENABLE_DEBUG_INFO = INCLUDE_SOURCE;
				MTL_FAST_MATH = YES;
				ONLY_ACTIVE_ARCH = YES;
				SWIFT_ACTIVE_COMPILATION_CONDITIONS = DEBUG;
				SWIFT_OPTIMIZATION_LEVEL = "-Onone";
			};
			name = Debug;
		};
		D891645825A0C380008B0E04 /* Release */ = {
			isa = XCBuildConfiguration;
			buildSettings = {
				ALWAYS_SEARCH_USER_PATHS = NO;
				CLANG_ANALYZER_NONNULL = YES;
				CLANG_ANALYZER_NUMBER_OBJECT_CONVERSION = YES_AGGRESSIVE;
				CLANG_CXX_LANGUAGE_STANDARD = "gnu++14";
				CLANG_CXX_LIBRARY = "libc++";
				CLANG_ENABLE_MODULES = YES;
				CLANG_ENABLE_OBJC_ARC = YES;
				CLANG_ENABLE_OBJC_WEAK = YES;
				CLANG_WARN_BLOCK_CAPTURE_AUTORELEASING = YES;
				CLANG_WARN_BOOL_CONVERSION = YES;
				CLANG_WARN_COMMA = YES;
				CLANG_WARN_CONSTANT_CONVERSION = YES;
				CLANG_WARN_DEPRECATED_OBJC_IMPLEMENTATIONS = YES;
				CLANG_WARN_DIRECT_OBJC_ISA_USAGE = YES_ERROR;
				CLANG_WARN_DOCUMENTATION_COMMENTS = YES;
				CLANG_WARN_EMPTY_BODY = YES;
				CLANG_WARN_ENUM_CONVERSION = YES;
				CLANG_WARN_INFINITE_RECURSION = YES;
				CLANG_WARN_INT_CONVERSION = YES;
				CLANG_WARN_NON_LITERAL_NULL_CONVERSION = YES;
				CLANG_WARN_OBJC_IMPLICIT_RETAIN_SELF = YES;
				CLANG_WARN_OBJC_LITERAL_CONVERSION = YES;
				CLANG_WARN_OBJC_ROOT_CLASS = YES_ERROR;
				CLANG_WARN_QUOTED_INCLUDE_IN_FRAMEWORK_HEADER = YES;
				CLANG_WARN_RANGE_LOOP_ANALYSIS = YES;
				CLANG_WARN_STRICT_PROTOTYPES = YES;
				CLANG_WARN_SUSPICIOUS_MOVE = YES;
				CLANG_WARN_UNGUARDED_AVAILABILITY = YES_AGGRESSIVE;
				CLANG_WARN_UNREACHABLE_CODE = YES;
				CLANG_WARN__DUPLICATE_METHOD_MATCH = YES;
				COPY_PHASE_STRIP = NO;
				DEBUG_INFORMATION_FORMAT = "dwarf-with-dsym";
				ENABLE_NS_ASSERTIONS = NO;
				ENABLE_STRICT_OBJC_MSGSEND = YES;
				GCC_C_LANGUAGE_STANDARD = gnu11;
				GCC_NO_COMMON_BLOCKS = YES;
				GCC_WARN_64_TO_32_BIT_CONVERSION = YES;
				GCC_WARN_ABOUT_RETURN_TYPE = YES_ERROR;
				GCC_WARN_UNDECLARED_SELECTOR = YES;
				GCC_WARN_UNINITIALIZED_AUTOS = YES_AGGRESSIVE;
				GCC_WARN_UNUSED_FUNCTION = YES;
				GCC_WARN_UNUSED_VARIABLE = YES;
				MTL_ENABLE_DEBUG_INFO = NO;
				MTL_FAST_MATH = YES;
				SWIFT_COMPILATION_MODE = wholemodule;
				SWIFT_OPTIMIZATION_LEVEL = "-O";
			};
			name = Release;
		};
		D891645A25A0C380008B0E04 /* Debug */ = {
			isa = XCBuildConfiguration;
			buildSettings = {
				ASSETCATALOG_COMPILER_APPICON_NAME = AppIcon;
				ASSETCATALOG_COMPILER_GLOBAL_ACCENT_COLOR_NAME = AccentColor;
				CODE_SIGN_STYLE = Automatic;
				DEVELOPMENT_TEAM = YM4S6FGNVS;
				ENABLE_PREVIEWS = YES;
				INFOPLIST_FILE = iOS/Info.plist;
				IPHONEOS_DEPLOYMENT_TARGET = 14.0;
				LD_RUNPATH_SEARCH_PATHS = (
					"$(inherited)",
					"@executable_path/Frameworks",
				);
				PRODUCT_BUNDLE_IDENTIFIER = com.kwevans.readRest;
				PRODUCT_NAME = readRest;
				SDKROOT = iphoneos;
				SWIFT_VERSION = 5.0;
				TARGETED_DEVICE_FAMILY = "1,2";
			};
			name = Debug;
		};
		D891645B25A0C380008B0E04 /* Release */ = {
			isa = XCBuildConfiguration;
			buildSettings = {
				ASSETCATALOG_COMPILER_APPICON_NAME = AppIcon;
				ASSETCATALOG_COMPILER_GLOBAL_ACCENT_COLOR_NAME = AccentColor;
				CODE_SIGN_STYLE = Automatic;
				DEVELOPMENT_TEAM = YM4S6FGNVS;
				ENABLE_PREVIEWS = YES;
				INFOPLIST_FILE = iOS/Info.plist;
				IPHONEOS_DEPLOYMENT_TARGET = 14.0;
				LD_RUNPATH_SEARCH_PATHS = (
					"$(inherited)",
					"@executable_path/Frameworks",
				);
				PRODUCT_BUNDLE_IDENTIFIER = com.kwevans.readRest;
				PRODUCT_NAME = readRest;
				SDKROOT = iphoneos;
				SWIFT_VERSION = 5.0;
				TARGETED_DEVICE_FAMILY = "1,2";
				VALIDATE_PRODUCT = YES;
			};
			name = Release;
		};
		D891645D25A0C380008B0E04 /* Debug */ = {
			isa = XCBuildConfiguration;
			buildSettings = {
				ASSETCATALOG_COMPILER_APPICON_NAME = AppIcon;
				ASSETCATALOG_COMPILER_GLOBAL_ACCENT_COLOR_NAME = AccentColor;
				CODE_SIGN_ENTITLEMENTS = macOS/macOS.entitlements;
				CODE_SIGN_STYLE = Automatic;
				COMBINE_HIDPI_IMAGES = YES;
				DEVELOPMENT_TEAM = YM4S6FGNVS;
				ENABLE_HARDENED_RUNTIME = YES;
				ENABLE_PREVIEWS = YES;
				INFOPLIST_FILE = macOS/Info.plist;
				LD_RUNPATH_SEARCH_PATHS = (
					"$(inherited)",
					"@executable_path/../Frameworks",
				);
				MACOSX_DEPLOYMENT_TARGET = 11.0;
				PRODUCT_BUNDLE_IDENTIFIER = com.kwevans.readRest;
				PRODUCT_NAME = readRest;
				SDKROOT = macosx;
				SWIFT_VERSION = 5.0;
			};
			name = Debug;
		};
		D891645E25A0C380008B0E04 /* Release */ = {
			isa = XCBuildConfiguration;
			buildSettings = {
				ASSETCATALOG_COMPILER_APPICON_NAME = AppIcon;
				ASSETCATALOG_COMPILER_GLOBAL_ACCENT_COLOR_NAME = AccentColor;
				CODE_SIGN_ENTITLEMENTS = macOS/macOS.entitlements;
				CODE_SIGN_STYLE = Automatic;
				COMBINE_HIDPI_IMAGES = YES;
				DEVELOPMENT_TEAM = YM4S6FGNVS;
				ENABLE_HARDENED_RUNTIME = YES;
				ENABLE_PREVIEWS = YES;
				INFOPLIST_FILE = macOS/Info.plist;
				LD_RUNPATH_SEARCH_PATHS = (
					"$(inherited)",
					"@executable_path/../Frameworks",
				);
				MACOSX_DEPLOYMENT_TARGET = 11.0;
				PRODUCT_BUNDLE_IDENTIFIER = com.kwevans.readRest;
				PRODUCT_NAME = readRest;
				SDKROOT = macosx;
				SWIFT_VERSION = 5.0;
			};
			name = Release;
		};
		D891646025A0C380008B0E04 /* Debug */ = {
			isa = XCBuildConfiguration;
			buildSettings = {
				ALWAYS_EMBED_SWIFT_STANDARD_LIBRARIES = YES;
				CODE_SIGN_STYLE = Automatic;
				DEVELOPMENT_TEAM = YM4S6FGNVS;
				INFOPLIST_FILE = "Tests iOS/Info.plist";
				IPHONEOS_DEPLOYMENT_TARGET = 14.3;
				LD_RUNPATH_SEARCH_PATHS = (
					"$(inherited)",
					"@executable_path/Frameworks",
					"@loader_path/Frameworks",
				);
				PRODUCT_BUNDLE_IDENTIFIER = "com.kwevans.Tests-iOS";
				PRODUCT_NAME = "$(TARGET_NAME)";
				SDKROOT = iphoneos;
				SWIFT_VERSION = 5.0;
				TARGETED_DEVICE_FAMILY = "1,2";
				TEST_TARGET_NAME = "readRest (iOS)";
			};
			name = Debug;
		};
		D891646125A0C380008B0E04 /* Release */ = {
			isa = XCBuildConfiguration;
			buildSettings = {
				ALWAYS_EMBED_SWIFT_STANDARD_LIBRARIES = YES;
				CODE_SIGN_STYLE = Automatic;
				DEVELOPMENT_TEAM = YM4S6FGNVS;
				INFOPLIST_FILE = "Tests iOS/Info.plist";
				IPHONEOS_DEPLOYMENT_TARGET = 14.3;
				LD_RUNPATH_SEARCH_PATHS = (
					"$(inherited)",
					"@executable_path/Frameworks",
					"@loader_path/Frameworks",
				);
				PRODUCT_BUNDLE_IDENTIFIER = "com.kwevans.Tests-iOS";
				PRODUCT_NAME = "$(TARGET_NAME)";
				SDKROOT = iphoneos;
				SWIFT_VERSION = 5.0;
				TARGETED_DEVICE_FAMILY = "1,2";
				TEST_TARGET_NAME = "readRest (iOS)";
				VALIDATE_PRODUCT = YES;
			};
			name = Release;
		};
		D891646325A0C380008B0E04 /* Debug */ = {
			isa = XCBuildConfiguration;
			buildSettings = {
				ALWAYS_EMBED_SWIFT_STANDARD_LIBRARIES = YES;
				CODE_SIGN_STYLE = Automatic;
				COMBINE_HIDPI_IMAGES = YES;
				DEVELOPMENT_TEAM = YM4S6FGNVS;
				INFOPLIST_FILE = "Tests macOS/Info.plist";
				LD_RUNPATH_SEARCH_PATHS = (
					"$(inherited)",
					"@executable_path/../Frameworks",
					"@loader_path/../Frameworks",
				);
				MACOSX_DEPLOYMENT_TARGET = 11.1;
				PRODUCT_BUNDLE_IDENTIFIER = "com.kwevans.Tests-macOS";
				PRODUCT_NAME = "$(TARGET_NAME)";
				SDKROOT = macosx;
				SWIFT_VERSION = 5.0;
				TEST_TARGET_NAME = "readRest (macOS)";
			};
			name = Debug;
		};
		D891646425A0C380008B0E04 /* Release */ = {
			isa = XCBuildConfiguration;
			buildSettings = {
				ALWAYS_EMBED_SWIFT_STANDARD_LIBRARIES = YES;
				CODE_SIGN_STYLE = Automatic;
				COMBINE_HIDPI_IMAGES = YES;
				DEVELOPMENT_TEAM = YM4S6FGNVS;
				INFOPLIST_FILE = "Tests macOS/Info.plist";
				LD_RUNPATH_SEARCH_PATHS = (
					"$(inherited)",
					"@executable_path/../Frameworks",
					"@loader_path/../Frameworks",
				);
				MACOSX_DEPLOYMENT_TARGET = 11.1;
				PRODUCT_BUNDLE_IDENTIFIER = "com.kwevans.Tests-macOS";
				PRODUCT_NAME = "$(TARGET_NAME)";
				SDKROOT = macosx;
				SWIFT_VERSION = 5.0;
				TEST_TARGET_NAME = "readRest (macOS)";
			};
			name = Release;
		};
/* End XCBuildConfiguration section */

/* Begin XCConfigurationList section */
		D891642625A0C37E008B0E04 /* Build configuration list for PBXProject "readRest" */ = {
			isa = XCConfigurationList;
			buildConfigurations = (
				D891645725A0C380008B0E04 /* Debug */,
				D891645825A0C380008B0E04 /* Release */,
			);
			defaultConfigurationIsVisible = 0;
			defaultConfigurationName = Release;
		};
		D891645925A0C380008B0E04 /* Build configuration list for PBXNativeTarget "readRest (iOS)" */ = {
			isa = XCConfigurationList;
			buildConfigurations = (
				D891645A25A0C380008B0E04 /* Debug */,
				D891645B25A0C380008B0E04 /* Release */,
			);
			defaultConfigurationIsVisible = 0;
			defaultConfigurationName = Release;
		};
		D891645C25A0C380008B0E04 /* Build configuration list for PBXNativeTarget "readRest (macOS)" */ = {
			isa = XCConfigurationList;
			buildConfigurations = (
				D891645D25A0C380008B0E04 /* Debug */,
				D891645E25A0C380008B0E04 /* Release */,
			);
			defaultConfigurationIsVisible = 0;
			defaultConfigurationName = Release;
		};
		D891645F25A0C380008B0E04 /* Build configuration list for PBXNativeTarget "Tests iOS" */ = {
			isa = XCConfigurationList;
			buildConfigurations = (
				D891646025A0C380008B0E04 /* Debug */,
				D891646125A0C380008B0E04 /* Release */,
			);
			defaultConfigurationIsVisible = 0;
			defaultConfigurationName = Release;
		};
		D891646225A0C380008B0E04 /* Build configuration list for PBXNativeTarget "Tests macOS" */ = {
			isa = XCConfigurationList;
			buildConfigurations = (
				D891646325A0C380008B0E04 /* Debug */,
				D891646425A0C380008B0E04 /* Release */,
			);
			defaultConfigurationIsVisible = 0;
			defaultConfigurationName = Release;
		};
/* End XCConfigurationList section */
	};
	rootObject = D891642325A0C37E008B0E04 /* Project object */;
}
